DEPENDENCIES
  rbenv
    git: git://github.com/RiotGames/rbenv-cookbook.git
    revision: a7ae0eedbf678a8ac93456c325f9d69a8ac9d6f3
  selinux
  yum-epel
  yum-remi

GRAPH
  apt (2.6.0)
  build-essential (2.1.3)
  chef_handler (1.1.6)
  dmg (2.2.2)
  git (4.1.0)
    build-essential (>= 0.0.0)
    dmg (>= 0.0.0)
    runit (>= 1.0)
    windows (>= 0.0.0)
    yum (~> 3.0)
    yum-epel (>= 0.0.0)
  ohai (2.0.1)
  rbenv (1.7.1)
    apt (>= 0.0.0)
    build-essential (>= 0.0.0)
    git (>= 0.0.0)
    ohai (>= 1.1.0)
  runit (1.5.12)
    build-essential (>= 0.0.0)
    yum (~> 3.0)
    yum-epel (>= 0.0.0)
  selinux (0.8.0)
  windows (1.36.1)
    chef_handler (>= 0.0.0)
  yum (3.5.2)
  yum-epel (0.5.3)
    yum (~> 3.0)
  yum-remi (0.1.0)
    yum (>= 0.0.0)
